// !$*UTF8*$!
{
	archiveVersion = 1;
	classes = {
	};
	objectVersion = 56;
	objects = {

/* Begin PBXBuildFile section */
		AAB5E2852BC4F24F00D52927 /* AppDelegate.swift in Sources */ = {isa = PBXBuildFile; fileRef = AAB5E2842BC4F24F00D52927 /* AppDelegate.swift */; };
		AAB5E2872BC4F24F00D52927 /* SceneDelegate.swift in Sources */ = {isa = PBXBuildFile; fileRef = AAB5E2862BC4F24F00D52927 /* SceneDelegate.swift */; };
		AAB5E2892BC4F24F00D52927 /* ViewController.swift in Sources */ = {isa = PBXBuildFile; fileRef = AAB5E2882BC4F24F00D52927 /* ViewController.swift */; };
		AAB5E28C2BC4F24F00D52927 /* Main.storyboard in Resources */ = {isa = PBXBuildFile; fileRef = AAB5E28A2BC4F24F00D52927 /* Main.storyboard */; };
		AAB5E28E2BC4F25000D52927 /* Assets.xcassets in Resources */ = {isa = PBXBuildFile; fileRef = AAB5E28D2BC4F25000D52927 /* Assets.xcassets */; };
		AAB5E2912BC4F25000D52927 /* LaunchScreen.storyboard in Resources */ = {isa = PBXBuildFile; fileRef = AAB5E28F2BC4F25000D52927 /* LaunchScreen.storyboard */; };
		AAB5E2A82BC4F34B00D52927 /* SingupWebServiceTests.swift in Sources */ = {isa = PBXBuildFile; fileRef = AAB5E2992BC4F31C00D52927 /* SingupWebServiceTests.swift */; };
		AAB5E2AA2BC4F3C600D52927 /* SignupWebServeice.swift in Sources */ = {isa = PBXBuildFile; fileRef = AAB5E2A92BC4F3C600D52927 /* SignupWebServeice.swift */; };
		AAB5E2AC2BC4F48F00D52927 /* SingupFormRequestModel.swift in Sources */ = {isa = PBXBuildFile; fileRef = AAB5E2AB2BC4F48F00D52927 /* SingupFormRequestModel.swift */; };
		AAB5E2AE2BC50B4100D52927 /* SignupResponseModel.swift in Sources */ = {isa = PBXBuildFile; fileRef = AAB5E2AD2BC50B4100D52927 /* SignupResponseModel.swift */; };
		AAB5E2B02BC50BA100D52927 /* SignupError.swift in Sources */ = {isa = PBXBuildFile; fileRef = AAB5E2AF2BC50BA100D52927 /* SignupError.swift */; };
		AAB5E2B42BC50C3200D52927 /* SignupConstants.swift in Sources */ = {isa = PBXBuildFile; fileRef = AAB5E2B32BC50C3200D52927 /* SignupConstants.swift */; };
		AAB5E2B62BC50D4800D52927 /* SignupFormModelValidatorTests.swift in Sources */ = {isa = PBXBuildFile; fileRef = AAB5E2B52BC50D4800D52927 /* SignupFormModelValidatorTests.swift */; };
		AAB5E2B82BC52EB300D52927 /* SignupFormModelValidator.swift in Sources */ = {isa = PBXBuildFile; fileRef = AAB5E2B72BC52EB300D52927 /* SignupFormModelValidator.swift */; };
/* End PBXBuildFile section */

/* Begin PBXContainerItemProxy section */
		AAB5E2A32BC4F33B00D52927 /* PBXContainerItemProxy */ = {
			isa = PBXContainerItemProxy;
			containerPortal = AAB5E2792BC4F24F00D52927 /* Project object */;
			proxyType = 1;
			remoteGlobalIDString = AAB5E2802BC4F24F00D52927;
			remoteInfo = unit_testing_demo;
		};
/* End PBXContainerItemProxy section */

/* Begin PBXFileReference section */
		AAB5E2812BC4F24F00D52927 /* unit_testing_demo.app */ = {isa = PBXFileReference; explicitFileType = wrapper.application; includeInIndex = 0; path = unit_testing_demo.app; sourceTree = BUILT_PRODUCTS_DIR; };
		AAB5E2842BC4F24F00D52927 /* AppDelegate.swift */ = {isa = PBXFileReference; lastKnownFileType = sourcecode.swift; path = AppDelegate.swift; sourceTree = "<group>"; };
		AAB5E2862BC4F24F00D52927 /* SceneDelegate.swift */ = {isa = PBXFileReference; lastKnownFileType = sourcecode.swift; path = SceneDelegate.swift; sourceTree = "<group>"; };
		AAB5E2882BC4F24F00D52927 /* ViewController.swift */ = {isa = PBXFileReference; lastKnownFileType = sourcecode.swift; path = ViewController.swift; sourceTree = "<group>"; };
		AAB5E28B2BC4F24F00D52927 /* Base */ = {isa = PBXFileReference; lastKnownFileType = file.storyboard; name = Base; path = Base.lproj/Main.storyboard; sourceTree = "<group>"; };
		AAB5E28D2BC4F25000D52927 /* Assets.xcassets */ = {isa = PBXFileReference; lastKnownFileType = folder.assetcatalog; path = Assets.xcassets; sourceTree = "<group>"; };
		AAB5E2902BC4F25000D52927 /* Base */ = {isa = PBXFileReference; lastKnownFileType = file.storyboard; name = Base; path = Base.lproj/LaunchScreen.storyboard; sourceTree = "<group>"; };
		AAB5E2922BC4F25000D52927 /* Info.plist */ = {isa = PBXFileReference; lastKnownFileType = text.plist.xml; path = Info.plist; sourceTree = "<group>"; };
		AAB5E2992BC4F31C00D52927 /* SingupWebServiceTests.swift */ = {isa = PBXFileReference; lastKnownFileType = sourcecode.swift; path = SingupWebServiceTests.swift; sourceTree = "<group>"; };
		AAB5E29F2BC4F33B00D52927 /* unit_testing_demoTests.xctest */ = {isa = PBXFileReference; explicitFileType = wrapper.cfbundle; includeInIndex = 0; path = unit_testing_demoTests.xctest; sourceTree = BUILT_PRODUCTS_DIR; };
		AAB5E2A92BC4F3C600D52927 /* SignupWebServeice.swift */ = {isa = PBXFileReference; lastKnownFileType = sourcecode.swift; path = SignupWebServeice.swift; sourceTree = "<group>"; };
		AAB5E2AB2BC4F48F00D52927 /* SingupFormRequestModel.swift */ = {isa = PBXFileReference; lastKnownFileType = sourcecode.swift; path = SingupFormRequestModel.swift; sourceTree = "<group>"; };
		AAB5E2AD2BC50B4100D52927 /* SignupResponseModel.swift */ = {isa = PBXFileReference; lastKnownFileType = sourcecode.swift; path = SignupResponseModel.swift; sourceTree = "<group>"; };
		AAB5E2AF2BC50BA100D52927 /* SignupError.swift */ = {isa = PBXFileReference; lastKnownFileType = sourcecode.swift; path = SignupError.swift; sourceTree = "<group>"; };
		AAB5E2B32BC50C3200D52927 /* SignupConstants.swift */ = {isa = PBXFileReference; lastKnownFileType = sourcecode.swift; path = SignupConstants.swift; sourceTree = "<group>"; };
		AAB5E2B52BC50D4800D52927 /* SignupFormModelValidatorTests.swift */ = {isa = PBXFileReference; lastKnownFileType = sourcecode.swift; path = SignupFormModelValidatorTests.swift; sourceTree = "<group>"; };
		AAB5E2B72BC52EB300D52927 /* SignupFormModelValidator.swift */ = {isa = PBXFileReference; lastKnownFileType = sourcecode.swift; path = SignupFormModelValidator.swift; sourceTree = "<group>"; };
/* End PBXFileReference section */

/* Begin PBXFrameworksBuildPhase section */
		AAB5E27E2BC4F24F00D52927 /* Frameworks */ = {
			isa = PBXFrameworksBuildPhase;
			buildActionMask = 2147483647;
			files = (
			);
			runOnlyForDeploymentPostprocessing = 0;
		};
		AAB5E29C2BC4F33B00D52927 /* Frameworks */ = {
			isa = PBXFrameworksBuildPhase;
			buildActionMask = 2147483647;
			files = (
			);
			runOnlyForDeploymentPostprocessing = 0;
		};
/* End PBXFrameworksBuildPhase section */

/* Begin PBXGroup section */
		AA1B23AC2BCFC53800157BEE /* Controllers */ = {
			isa = PBXGroup;
			children = (
				AAB5E2882BC4F24F00D52927 /* ViewController.swift */,
			);
			path = Controllers;
			sourceTree = "<group>";
		};
		AA1B23AD2BCFC57100157BEE /* Network */ = {
			isa = PBXGroup;
			children = (
				AAB5E2A92BC4F3C600D52927 /* SignupWebServeice.swift */,
			);
			path = Network;
			sourceTree = "<group>";
		};
		AA1B23AE2BCFC59000157BEE /* Signup */ = {
			isa = PBXGroup;
			children = (
				AA1B23B02BCFC5A200157BEE /* Network */,
				AA1B23AF2BCFC59B00157BEE /* Models */,
			);
			path = Signup;
			sourceTree = "<group>";
		};
		AA1B23AF2BCFC59B00157BEE /* Models */ = {
			isa = PBXGroup;
			children = (
				AAB5E2B52BC50D4800D52927 /* SignupFormModelValidatorTests.swift */,
			);
			path = Models;
			sourceTree = "<group>";
		};
		AA1B23B02BCFC5A200157BEE /* Network */ = {
			isa = PBXGroup;
			children = (
				AAB5E2992BC4F31C00D52927 /* SingupWebServiceTests.swift */,
			);
			path = Network;
			sourceTree = "<group>";
		};
		AAB5E2782BC4F24F00D52927 = {
			isa = PBXGroup;
			children = (
				AAB5E2832BC4F24F00D52927 /* unit_testing_demo */,
				AAB5E2A02BC4F33B00D52927 /* unit_testing_demoTests */,
				AAB5E2822BC4F24F00D52927 /* Products */,
			);
			sourceTree = "<group>";
		};
		AAB5E2822BC4F24F00D52927 /* Products */ = {
			isa = PBXGroup;
			children = (
				AAB5E2812BC4F24F00D52927 /* unit_testing_demo.app */,
				AAB5E29F2BC4F33B00D52927 /* unit_testing_demoTests.xctest */,
			);
			name = Products;
			sourceTree = "<group>";
		};
		AAB5E2832BC4F24F00D52927 /* unit_testing_demo */ = {
			isa = PBXGroup;
			children = (
				AAB5E2B12BC50C0200D52927 /* Signup */,
				AAB5E2842BC4F24F00D52927 /* AppDelegate.swift */,
				AAB5E2862BC4F24F00D52927 /* SceneDelegate.swift */,
				AAB5E28A2BC4F24F00D52927 /* Main.storyboard */,
				AAB5E28D2BC4F25000D52927 /* Assets.xcassets */,
				AAB5E28F2BC4F25000D52927 /* LaunchScreen.storyboard */,
				AAB5E2922BC4F25000D52927 /* Info.plist */,
			);
			path = unit_testing_demo;
			sourceTree = "<group>";
		};
		AAB5E2A02BC4F33B00D52927 /* unit_testing_demoTests */ = {
			isa = PBXGroup;
			children = (
				AA1B23AE2BCFC59000157BEE /* Signup */,
			);
			path = unit_testing_demoTests;
			sourceTree = "<group>";
		};
		AAB5E2B12BC50C0200D52927 /* Signup */ = {
			isa = PBXGroup;
			children = (
				AA1B23AD2BCFC57100157BEE /* Network */,
				AA1B23AC2BCFC53800157BEE /* Controllers */,
				AAB5E2B22BC50C1000D52927 /* Models */,
				AAB5E2B72BC52EB300D52927 /* SignupFormModelValidator.swift */,
			);
			path = Signup;
			sourceTree = "<group>";
		};
		AAB5E2B22BC50C1000D52927 /* Models */ = {
			isa = PBXGroup;
			children = (
				AAB5E2B32BC50C3200D52927 /* SignupConstants.swift */,
				AAB5E2AB2BC4F48F00D52927 /* SingupFormRequestModel.swift */,
				AAB5E2AD2BC50B4100D52927 /* SignupResponseModel.swift */,
				AAB5E2AF2BC50BA100D52927 /* SignupError.swift */,
			);
			path = Models;
			sourceTree = "<group>";
		};
/* End PBXGroup section */

/* Begin PBXNativeTarget section */
		AAB5E2802BC4F24F00D52927 /* unit_testing_demo */ = {
			isa = PBXNativeTarget;
			buildConfigurationList = AAB5E2952BC4F25000D52927 /* Build configuration list for PBXNativeTarget "unit_testing_demo" */;
			buildPhases = (
				AAB5E27D2BC4F24F00D52927 /* Sources */,
				AAB5E27E2BC4F24F00D52927 /* Frameworks */,
				AAB5E27F2BC4F24F00D52927 /* Resources */,
			);
			buildRules = (
			);
			dependencies = (
			);
			name = unit_testing_demo;
			productName = unit_testing_demo;
			productReference = AAB5E2812BC4F24F00D52927 /* unit_testing_demo.app */;
			productType = "com.apple.product-type.application";
		};
		AAB5E29E2BC4F33B00D52927 /* unit_testing_demoTests */ = {
			isa = PBXNativeTarget;
			buildConfigurationList = AAB5E2A52BC4F33B00D52927 /* Build configuration list for PBXNativeTarget "unit_testing_demoTests" */;
			buildPhases = (
				AAB5E29B2BC4F33B00D52927 /* Sources */,
				AAB5E29C2BC4F33B00D52927 /* Frameworks */,
				AAB5E29D2BC4F33B00D52927 /* Resources */,
			);
			buildRules = (
			);
			dependencies = (
				AAB5E2A42BC4F33B00D52927 /* PBXTargetDependency */,
			);
			name = unit_testing_demoTests;
			productName = unit_testing_demoTests;
			productReference = AAB5E29F2BC4F33B00D52927 /* unit_testing_demoTests.xctest */;
			productType = "com.apple.product-type.bundle.unit-test";
		};
/* End PBXNativeTarget section */

/* Begin PBXProject section */
		AAB5E2792BC4F24F00D52927 /* Project object */ = {
			isa = PBXProject;
			attributes = {
				BuildIndependentTargetsInParallel = 1;
				LastSwiftUpdateCheck = 1520;
				LastUpgradeCheck = 1520;
				TargetAttributes = {
					AAB5E2802BC4F24F00D52927 = {
						CreatedOnToolsVersion = 15.2;
					};
					AAB5E29E2BC4F33B00D52927 = {
						CreatedOnToolsVersion = 15.2;
						TestTargetID = AAB5E2802BC4F24F00D52927;
					};
				};
			};
			buildConfigurationList = AAB5E27C2BC4F24F00D52927 /* Build configuration list for PBXProject "unit_testing_demo" */;
			compatibilityVersion = "Xcode 14.0";
			developmentRegion = en;
			hasScannedForEncodings = 0;
			knownRegions = (
				en,
				Base,
			);
			mainGroup = AAB5E2782BC4F24F00D52927;
			productRefGroup = AAB5E2822BC4F24F00D52927 /* Products */;
			projectDirPath = "";
			projectRoot = "";
			targets = (
				AAB5E2802BC4F24F00D52927 /* unit_testing_demo */,
				AAB5E29E2BC4F33B00D52927 /* unit_testing_demoTests */,
			);
		};
/* End PBXProject section */

/* Begin PBXResourcesBuildPhase section */
		AAB5E27F2BC4F24F00D52927 /* Resources */ = {
			isa = PBXResourcesBuildPhase;
			buildActionMask = 2147483647;
			files = (
				AAB5E2912BC4F25000D52927 /* LaunchScreen.storyboard in Resources */,
				AAB5E28E2BC4F25000D52927 /* Assets.xcassets in Resources */,
				AAB5E28C2BC4F24F00D52927 /* Main.storyboard in Resources */,
			);
			runOnlyForDeploymentPostprocessing = 0;
		};
		AAB5E29D2BC4F33B00D52927 /* Resources */ = {
			isa = PBXResourcesBuildPhase;
			buildActionMask = 2147483647;
			files = (
			);
			runOnlyForDeploymentPostprocessing = 0;
		};
/* End PBXResourcesBuildPhase section */

/* Begin PBXSourcesBuildPhase section */
		AAB5E27D2BC4F24F00D52927 /* Sources */ = {
			isa = PBXSourcesBuildPhase;
			buildActionMask = 2147483647;
			files = (
				AAB5E2AA2BC4F3C600D52927 /* SignupWebServeice.swift in Sources */,
				AAB5E2892BC4F24F00D52927 /* ViewController.swift in Sources */,
				AAB5E2852BC4F24F00D52927 /* AppDelegate.swift in Sources */,
				AAB5E2B42BC50C3200D52927 /* SignupConstants.swift in Sources */,
				AAB5E2AC2BC4F48F00D52927 /* SingupFormRequestModel.swift in Sources */,
				AAB5E2AE2BC50B4100D52927 /* SignupResponseModel.swift in Sources */,
				AAB5E2B02BC50BA100D52927 /* SignupError.swift in Sources */,
				AAB5E2872BC4F24F00D52927 /* SceneDelegate.swift in Sources */,
				AAB5E2B82BC52EB300D52927 /* SignupFormModelValidator.swift in Sources */,
			);
			runOnlyForDeploymentPostprocessing = 0;
		};
		AAB5E29B2BC4F33B00D52927 /* Sources */ = {
			isa = PBXSourcesBuildPhase;
			buildActionMask = 2147483647;
			files = (
				AAB5E2A82BC4F34B00D52927 /* SingupWebServiceTests.swift in Sources */,
				AAB5E2B62BC50D4800D52927 /* SignupFormModelValidatorTests.swift in Sources */,
			);
			runOnlyForDeploymentPostprocessing = 0;
		};
/* End PBXSourcesBuildPhase section */

/* Begin PBXTargetDependency section */
		AAB5E2A42BC4F33B00D52927 /* PBXTargetDependency */ = {
			isa = PBXTargetDependency;
			target = AAB5E2802BC4F24F00D52927 /* unit_testing_demo */;
			targetProxy = AAB5E2A32BC4F33B00D52927 /* PBXContainerItemProxy */;
		};
/* End PBXTargetDependency section */

/* Begin PBXVariantGroup section */
		AAB5E28A2BC4F24F00D52927 /* Main.storyboard */ = {
			isa = PBXVariantGroup;
			children = (
				AAB5E28B2BC4F24F00D52927 /* Base */,
			);
			name = Main.storyboard;
			sourceTree = "<group>";
		};
		AAB5E28F2BC4F25000D52927 /* LaunchScreen.storyboard */ = {
			isa = PBXVariantGroup;
			children = (
				AAB5E2902BC4F25000D52927 /* Base */,
			);
			name = LaunchScreen.storyboard;
			sourceTree = "<group>";
		};
/* End PBXVariantGroup section */

/* Begin XCBuildConfiguration section */
		AAB5E2932BC4F25000D52927 /* Debug */ = {
			isa = XCBuildConfiguration;
			buildSettings = {
				ALWAYS_SEARCH_USER_PATHS = NO;
				ASSETCATALOG_COMPILER_GENERATE_SWIFT_ASSET_SYMBOL_EXTENSIONS = YES;
				CLANG_ANALYZER_NONNULL = YES;
				CLANG_ANALYZER_NUMBER_OBJECT_CONVERSION = YES_AGGRESSIVE;
				CLANG_CXX_LANGUAGE_STANDARD = "gnu++20";
				CLANG_ENABLE_MODULES = YES;
				CLANG_ENABLE_OBJC_ARC = YES;
				CLANG_ENABLE_OBJC_WEAK = YES;
				CLANG_WARN_BLOCK_CAPTURE_AUTORELEASING = YES;
				CLANG_WARN_BOOL_CONVERSION = YES;
				CLANG_WARN_COMMA = YES;
				CLANG_WARN_CONSTANT_CONVERSION = YES;
				CLANG_WARN_DEPRECATED_OBJC_IMPLEMENTATIONS = YES;
				CLANG_WARN_DIRECT_OBJC_ISA_USAGE = YES_ERROR;
				CLANG_WARN_DOCUMENTATION_COMMENTS = YES;
				CLANG_WARN_EMPTY_BODY = YES;
				CLANG_WARN_ENUM_CONVERSION = YES;
				CLANG_WARN_INFINITE_RECURSION = YES;
				CLANG_WARN_INT_CONVERSION = YES;
				CLANG_WARN_NON_LITERAL_NULL_CONVERSION = YES;
				CLANG_WARN_OBJC_IMPLICIT_RETAIN_SELF = YES;
				CLANG_WARN_OBJC_LITERAL_CONVERSION = YES;
				CLANG_WARN_OBJC_ROOT_CLASS = YES_ERROR;
				CLANG_WARN_QUOTED_INCLUDE_IN_FRAMEWORK_HEADER = YES;
				CLANG_WARN_RANGE_LOOP_ANALYSIS = YES;
				CLANG_WARN_STRICT_PROTOTYPES = YES;
				CLANG_WARN_SUSPICIOUS_MOVE = YES;
				CLANG_WARN_UNGUARDED_AVAILABILITY = YES_AGGRESSIVE;
				CLANG_WARN_UNREACHABLE_CODE = YES;
				CLANG_WARN__DUPLICATE_METHOD_MATCH = YES;
				COPY_PHASE_STRIP = NO;
				DEBUG_INFORMATION_FORMAT = dwarf;
				ENABLE_STRICT_OBJC_MSGSEND = YES;
				ENABLE_TESTABILITY = YES;
				ENABLE_USER_SCRIPT_SANDBOXING = YES;
				GCC_C_LANGUAGE_STANDARD = gnu17;
				GCC_DYNAMIC_NO_PIC = NO;
				GCC_NO_COMMON_BLOCKS = YES;
				GCC_OPTIMIZATION_LEVEL = 0;
				GCC_PREPROCESSOR_DEFINITIONS = (
					"DEBUG=1",
					"$(inherited)",
				);
				GCC_WARN_64_TO_32_BIT_CONVERSION = YES;
				GCC_WARN_ABOUT_RETURN_TYPE = YES_ERROR;
				GCC_WARN_UNDECLARED_SELECTOR = YES;
				GCC_WARN_UNINITIALIZED_AUTOS = YES_AGGRESSIVE;
				GCC_WARN_UNUSED_FUNCTION = YES;
				GCC_WARN_UNUSED_VARIABLE = YES;
				IPHONEOS_DEPLOYMENT_TARGET = 17.2;
				LOCALIZATION_PREFERS_STRING_CATALOGS = YES;
				MTL_ENABLE_DEBUG_INFO = INCLUDE_SOURCE;
				MTL_FAST_MATH = YES;
				ONLY_ACTIVE_ARCH = YES;
				SDKROOT = iphoneos;
				SWIFT_ACTIVE_COMPILATION_CONDITIONS = "DEBUG $(inherited)";
				SWIFT_OPTIMIZATION_LEVEL = "-Onone";
			};
			name = Debug;
		};
		AAB5E2942BC4F25000D52927 /* Release */ = {
			isa = XCBuildConfiguration;
			buildSettings = {
				ALWAYS_SEARCH_USER_PATHS = NO;
				ASSETCATALOG_COMPILER_GENERATE_SWIFT_ASSET_SYMBOL_EXTENSIONS = YES;
				CLANG_ANALYZER_NONNULL = YES;
				CLANG_ANALYZER_NUMBER_OBJECT_CONVERSION = YES_AGGRESSIVE;
				CLANG_CXX_LANGUAGE_STANDARD = "gnu++20";
				CLANG_ENABLE_MODULES = YES;
				CLANG_ENABLE_OBJC_ARC = YES;
				CLANG_ENABLE_OBJC_WEAK = YES;
				CLANG_WARN_BLOCK_CAPTURE_AUTORELEASING = YES;
				CLANG_WARN_BOOL_CONVERSION = YES;
				CLANG_WARN_COMMA = YES;
				CLANG_WARN_CONSTANT_CONVERSION = YES;
				CLANG_WARN_DEPRECATED_OBJC_IMPLEMENTATIONS = YES;
				CLANG_WARN_DIRECT_OBJC_ISA_USAGE = YES_ERROR;
				CLANG_WARN_DOCUMENTATION_COMMENTS = YES;
				CLANG_WARN_EMPTY_BODY = YES;
				CLANG_WARN_ENUM_CONVERSION = YES;
				CLANG_WARN_INFINITE_RECURSION = YES;
				CLANG_WARN_INT_CONVERSION = YES;
				CLANG_WARN_NON_LITERAL_NULL_CONVERSION = YES;
				CLANG_WARN_OBJC_IMPLICIT_RETAIN_SELF = YES;
				CLANG_WARN_OBJC_LITERAL_CONVERSION = YES;
				CLANG_WARN_OBJC_ROOT_CLASS = YES_ERROR;
				CLANG_WARN_QUOTED_INCLUDE_IN_FRAMEWORK_HEADER = YES;
				CLANG_WARN_RANGE_LOOP_ANALYSIS = YES;
				CLANG_WARN_STRICT_PROTOTYPES = YES;
				CLANG_WARN_SUSPICIOUS_MOVE = YES;
				CLANG_WARN_UNGUARDED_AVAILABILITY = YES_AGGRESSIVE;
				CLANG_WARN_UNREACHABLE_CODE = YES;
				CLANG_WARN__DUPLICATE_METHOD_MATCH = YES;
				COPY_PHASE_STRIP = NO;
				DEBUG_INFORMATION_FORMAT = "dwarf-with-dsym";
				ENABLE_NS_ASSERTIONS = NO;
				ENABLE_STRICT_OBJC_MSGSEND = YES;
				ENABLE_USER_SCRIPT_SANDBOXING = YES;
				GCC_C_LANGUAGE_STANDARD = gnu17;
				GCC_NO_COMMON_BLOCKS = YES;
				GCC_WARN_64_TO_32_BIT_CONVERSION = YES;
				GCC_WARN_ABOUT_RETURN_TYPE = YES_ERROR;
				GCC_WARN_UNDECLARED_SELECTOR = YES;
				GCC_WARN_UNINITIALIZED_AUTOS = YES_AGGRESSIVE;
				GCC_WARN_UNUSED_FUNCTION = YES;
				GCC_WARN_UNUSED_VARIABLE = YES;
				IPHONEOS_DEPLOYMENT_TARGET = 17.2;
				LOCALIZATION_PREFERS_STRING_CATALOGS = YES;
				MTL_ENABLE_DEBUG_INFO = NO;
				MTL_FAST_MATH = YES;
				SDKROOT = iphoneos;
				SWIFT_COMPILATION_MODE = wholemodule;
				VALIDATE_PRODUCT = YES;
			};
			name = Release;
		};
		AAB5E2962BC4F25000D52927 /* Debug */ = {
			isa = XCBuildConfiguration;
			buildSettings = {
				ASSETCATALOG_COMPILER_APPICON_NAME = AppIcon;
				ASSETCATALOG_COMPILER_GLOBAL_ACCENT_COLOR_NAME = AccentColor;
				CODE_SIGN_STYLE = Automatic;
				CURRENT_PROJECT_VERSION = 1;
				DEVELOPMENT_TEAM = 6D2YCABAB7;
				GENERATE_INFOPLIST_FILE = YES;
				INFOPLIST_FILE = unit_testing_demo/Info.plist;
				INFOPLIST_KEY_UIApplicationSupportsIndirectInputEvents = YES;
				INFOPLIST_KEY_UILaunchStoryboardName = LaunchScreen;
				INFOPLIST_KEY_UIMainStoryboardFile = Main;
				INFOPLIST_KEY_UISupportedInterfaceOrientations_iPad = "UIInterfaceOrientationPortrait UIInterfaceOrientationPortraitUpsideDown UIInterfaceOrientationLandscapeLeft UIInterfaceOrientationLandscapeRight";
				INFOPLIST_KEY_UISupportedInterfaceOrientations_iPhone = "UIInterfaceOrientationPortrait UIInterfaceOrientationLandscapeLeft UIInterfaceOrientationLandscapeRight";
				LD_RUNPATH_SEARCH_PATHS = (
					"$(inherited)",
					"@executable_path/Frameworks",
				);
				MARKETING_VERSION = 1.0;
				PRODUCT_BUNDLE_IDENTIFIER = "demoapp.com.tw.unit-testing-demo";
				PRODUCT_NAME = "$(TARGET_NAME)";
				SWIFT_EMIT_LOC_STRINGS = YES;
				SWIFT_VERSION = 5.0;
				TARGETED_DEVICE_FAMILY = "1,2";
			};
			name = Debug;
		};
		AAB5E2972BC4F25000D52927 /* Release */ = {
			isa = XCBuildConfiguration;
			buildSettings = {
				ASSETCATALOG_COMPILER_APPICON_NAME = AppIcon;
				ASSETCATALOG_COMPILER_GLOBAL_ACCENT_COLOR_NAME = AccentColor;
				CODE_SIGN_STYLE = Automatic;
				CURRENT_PROJECT_VERSION = 1;
				DEVELOPMENT_TEAM = 6D2YCABAB7;
				GENERATE_INFOPLIST_FILE = YES;
				INFOPLIST_FILE = unit_testing_demo/Info.plist;
				INFOPLIST_KEY_UIApplicationSupportsIndirectInputEvents = YES;
				INFOPLIST_KEY_UILaunchStoryboardName = LaunchScreen;
				INFOPLIST_KEY_UIMainStoryboardFile = Main;
				INFOPLIST_KEY_UISupportedInterfaceOrientations_iPad = "UIInterfaceOrientationPortrait UIInterfaceOrientationPortraitUpsideDown UIInterfaceOrientationLandscapeLeft UIInterfaceOrientationLandscapeRight";
				INFOPLIST_KEY_UISupportedInterfaceOrientations_iPhone = "UIInterfaceOrientationPortrait UIInterfaceOrientationLandscapeLeft UIInterfaceOrientationLandscapeRight";
				LD_RUNPATH_SEARCH_PATHS = (
					"$(inherited)",
					"@executable_path/Frameworks",
				);
				MARKETING_VERSION = 1.0;
				PRODUCT_BUNDLE_IDENTIFIER = "demoapp.com.tw.unit-testing-demo";
				PRODUCT_NAME = "$(TARGET_NAME)";
				SWIFT_EMIT_LOC_STRINGS = YES;
				SWIFT_VERSION = 5.0;
				TARGETED_DEVICE_FAMILY = "1,2";
			};
			name = Release;
		};
		AAB5E2A62BC4F33B00D52927 /* Debug */ = {
			isa = XCBuildConfiguration;
			buildSettings = {
				BUNDLE_LOADER = "$(TEST_HOST)";
				CODE_SIGN_STYLE = Automatic;
				CURRENT_PROJECT_VERSION = 1;
				DEVELOPMENT_TEAM = 6D2YCABAB7;
				GENERATE_INFOPLIST_FILE = YES;
				MARKETING_VERSION = 1.0;
				PRODUCT_BUNDLE_IDENTIFIER = "demoapp.com.tw.unit-testing-demoTests";
				PRODUCT_NAME = "$(TARGET_NAME)";
				SWIFT_EMIT_LOC_STRINGS = NO;
				SWIFT_VERSION = 5.0;
				TARGETED_DEVICE_FAMILY = "1,2";
				TEST_HOST = "$(BUILT_PRODUCTS_DIR)/unit_testing_demo.app/$(BUNDLE_EXECUTABLE_FOLDER_PATH)/unit_testing_demo";
			};
			name = Debug;
		};
		AAB5E2A72BC4F33B00D52927 /* Release */ = {
			isa = XCBuildConfiguration;
			buildSettings = {
				BUNDLE_LOADER = "$(TEST_HOST)";
				CODE_SIGN_STYLE = Automatic;
				CURRENT_PROJECT_VERSION = 1;
				DEVELOPMENT_TEAM = 6D2YCABAB7;
				GENERATE_INFOPLIST_FILE = YES;
				MARKETING_VERSION = 1.0;
				PRODUCT_BUNDLE_IDENTIFIER = "demoapp.com.tw.unit-testing-demoTests";
				PRODUCT_NAME = "$(TARGET_NAME)";
				SWIFT_EMIT_LOC_STRINGS = NO;
				SWIFT_VERSION = 5.0;
				TARGETED_DEVICE_FAMILY = "1,2";
				TEST_HOST = "$(BUILT_PRODUCTS_DIR)/unit_testing_demo.app/$(BUNDLE_EXECUTABLE_FOLDER_PATH)/unit_testing_demo";
			};
			name = Release;
		};
/* End XCBuildConfiguration section */

/* Begin XCConfigurationList section */
		AAB5E27C2BC4F24F00D52927 /* Build configuration list for PBXProject "unit_testing_demo" */ = {
			isa = XCConfigurationList;
			buildConfigurations = (
				AAB5E2932BC4F25000D52927 /* Debug */,
				AAB5E2942BC4F25000D52927 /* Release */,
			);
			defaultConfigurationIsVisible = 0;
			defaultConfigurationName = Release;
		};
		AAB5E2952BC4F25000D52927 /* Build configuration list for PBXNativeTarget "unit_testing_demo" */ = {
			isa = XCConfigurationList;
			buildConfigurations = (
				AAB5E2962BC4F25000D52927 /* Debug */,
				AAB5E2972BC4F25000D52927 /* Release */,
			);
			defaultConfigurationIsVisible = 0;
			defaultConfigurationName = Release;
		};
		AAB5E2A52BC4F33B00D52927 /* Build configuration list for PBXNativeTarget "unit_testing_demoTests" */ = {
			isa = XCConfigurationList;
			buildConfigurations = (
				AAB5E2A62BC4F33B00D52927 /* Debug */,
				AAB5E2A72BC4F33B00D52927 /* Release */,
			);
			defaultConfigurationIsVisible = 0;
			defaultConfigurationName = Release;
		};
/* End XCConfigurationList section */
	};
	rootObject = AAB5E2792BC4F24F00D52927 /* Project object */;
}
